
Microsoft Visual Studio Solution File, Format Version 12.00
# Visual Studio Version 16
VisualStudioVersion = 16.0.29020.237
MinimumVisualStudioVersion = 10.0.40219.1
Project("{9A19103F-16F7-4668-BE54-9A1E7A4F7556}") = "MultipleCalculator", "MultipleCalculator\MultipleCalculator.csproj", "{38D72FB8-64EA-4FDF-A3AA-5D8E25395964}"
EndProject
Project("{9A19103F-16F7-4668-BE54-9A1E7A4F7556}") = "MultipleCalculatorAssembly", "MultipleCalculatorAssembly\MultipleCalculatorAssembly.csproj", "{F00D0274-7109-48EC-A50E-C9389B93D16A}"
EndProject
Project("{9A19103F-16F7-4668-BE54-9A1E7A4F7556}") = "MultipleCalculatorTestProject", "MultipleCalculatorTestProject\MultipleCalculatorTestProject.csproj", "{97D0DF31-45FF-46A0-8342-86041043C4AF}"
EndProject
Global
	GlobalSection(SolutionConfigurationPlatforms) = preSolution
		Debug|Any CPU = Debug|Any CPU
		Release|Any CPU = Release|Any CPU
	EndGlobalSection
	GlobalSection(ProjectConfigurationPlatforms) = postSolution
		{38D72FB8-64EA-4FDF-A3AA-5D8E25395964}.Debug|Any CPU.ActiveCfg = Debug|Any CPU
		{38D72FB8-64EA-4FDF-A3AA-5D8E25395964}.Debug|Any CPU.Build.0 = Debug|Any CPU
		{38D72FB8-64EA-4FDF-A3AA-5D8E25395964}.Release|Any CPU.ActiveCfg = Release|Any CPU
		{38D72FB8-64EA-4FDF-A3AA-5D8E25395964}.Release|Any CPU.Build.0 = Release|Any CPU
		{F00D0274-7109-48EC-A50E-C9389B93D16A}.Debug|Any CPU.ActiveCfg = Debug|Any CPU
		{F00D0274-7109-48EC-A50E-C9389B93D16A}.Debug|Any CPU.Build.0 = Debug|Any CPU
		{F00D0274-7109-48EC-A50E-C9389B93D16A}.Release|Any CPU.ActiveCfg = Release|Any CPU
		{F00D0274-7109-48EC-A50E-C9389B93D16A}.Release|Any CPU.Build.0 = Release|Any CPU
		{97D0DF31-45FF-46A0-8342-86041043C4AF}.Debug|Any CPU.ActiveCfg = Debug|Any CPU
		{97D0DF31-45FF-46A0-8342-86041043C4AF}.Debug|Any CPU.Build.0 = Debug|Any CPU
		{97D0DF31-45FF-46A0-8342-86041043C4AF}.Release|Any CPU.ActiveCfg = Release|Any CPU
		{97D0DF31-45FF-46A0-8342-86041043C4AF}.Release|Any CPU.Build.0 = Release|Any CPU
	EndGlobalSection
	GlobalSection(SolutionProperties) = preSolution
		HideSolutionNode = FALSE
	EndGlobalSection
	GlobalSection(ExtensibilityGlobals) = postSolution
		SolutionGuid = {EAE92B0D-07AC-4638-A988-A2D29C2E4541}
	EndGlobalSection
EndGlobal
